
Microsoft Visual Studio Solution File, Format Version 12.00
# Visual Studio Version 16
VisualStudioVersion = 16.0.810.14
MinimumVisualStudioVersion = 10.0.40219.1
Project("{FAE04EC0-301F-11D3-BF4B-00C04F79EFBC}") = "Groupware", "Groupware\Groupware.csproj", "{E866867D-6FC8-42E8-ADDE-6CA55CCBC52A}"
EndProject
Global
	GlobalSection(SolutionConfigurationPlatforms) = preSolution
		Debug|Any CPU = Debug|Any CPU
		Release|Any CPU = Release|Any CPU
	EndGlobalSection
	GlobalSection(ProjectConfigurationPlatforms) = postSolution
		{E866867D-6FC8-42E8-ADDE-6CA55CCBC52A}.Debug|Any CPU.ActiveCfg = Debug|Any CPU
		{E866867D-6FC8-42E8-ADDE-6CA55CCBC52A}.Debug|Any CPU.Build.0 = Debug|Any CPU
		{E866867D-6FC8-42E8-ADDE-6CA55CCBC52A}.Release|Any CPU.ActiveCfg = Release|Any CPU
		{E866867D-6FC8-42E8-ADDE-6CA55CCBC52A}.Release|Any CPU.Build.0 = Release|Any CPU
	EndGlobalSection
	GlobalSection(SolutionProperties) = preSolution
		HideSolutionNode = FALSE
	EndGlobalSection
	GlobalSection(ExtensibilityGlobals) = postSolution
		SolutionGuid = {38D9BB4B-0BE9-4C10-9640-83CE297D2C7E}
	EndGlobalSection
EndGlobal
